
Microsoft Visual Studio Solution File, Format Version 12.00
# Visual Studio Version 16
VisualStudioVersion = 16.0.35229.62
MinimumVisualStudioVersion = 10.0.40219.1
Project("{FAE04EC0-301F-11D3-BF4B-00C04F79EFBC}") = "cuoiki_LTWNC", "cuoiki_LTWNC\cuoiki_LTWNC.csproj", "{B7F740D6-492E-4E6D-BFA7-D19719FB80CD}"
EndProject
Global
	GlobalSection(SolutionConfigurationPlatforms) = preSolution
		Debug|Any CPU = Debug|Any CPU
		Release|Any CPU = Release|Any CPU
	EndGlobalSection
	GlobalSection(ProjectConfigurationPlatforms) = postSolution
		{B7F740D6-492E-4E6D-BFA7-D19719FB80CD}.Debug|Any CPU.ActiveCfg = Debug|Any CPU
		{B7F740D6-492E-4E6D-BFA7-D19719FB80CD}.Debug|Any CPU.Build.0 = Debug|Any CPU
		{B7F740D6-492E-4E6D-BFA7-D19719FB80CD}.Release|Any CPU.ActiveCfg = Release|Any CPU
		{B7F740D6-492E-4E6D-BFA7-D19719FB80CD}.Release|Any CPU.Build.0 = Release|Any CPU
	EndGlobalSection
	GlobalSection(SolutionProperties) = preSolution
		HideSolutionNode = FALSE
	EndGlobalSection
	GlobalSection(ExtensibilityGlobals) = postSolution
		SolutionGuid = {33EB89E8-6B51-4E3D-83DD-A1CD27B6223E}
	EndGlobalSection
EndGlobal
