
Microsoft Visual Studio Solution File, Format Version 12.00
# Visual Studio Version 17
VisualStudioVersion = 17.11.35312.102
MinimumVisualStudioVersion = 10.0.40219.1
Project("{FAE04EC0-301F-11D3-BF4B-00C04F79EFBC}") = "Page_Login_VanBinh", "Page_Login_VanBinh.csproj", "{257759E1-06C6-4316-8809-DD382966551E}"
EndProject
Global
	GlobalSection(SolutionConfigurationPlatforms) = preSolution
		Debug|Any CPU = Debug|Any CPU
		Release|Any CPU = Release|Any CPU
	EndGlobalSection
	GlobalSection(ProjectConfigurationPlatforms) = postSolution
		{257759E1-06C6-4316-8809-DD382966551E}.Debug|Any CPU.ActiveCfg = Debug|Any CPU
		{257759E1-06C6-4316-8809-DD382966551E}.Debug|Any CPU.Build.0 = Debug|Any CPU
		{257759E1-06C6-4316-8809-DD382966551E}.Release|Any CPU.ActiveCfg = Release|Any CPU
		{257759E1-06C6-4316-8809-DD382966551E}.Release|Any CPU.Build.0 = Release|Any CPU
	EndGlobalSection
	GlobalSection(SolutionProperties) = preSolution
		HideSolutionNode = FALSE
	EndGlobalSection
	GlobalSection(ExtensibilityGlobals) = postSolution
		SolutionGuid = {DBE95795-73DF-49C6-891B-1CE03C6A90B0}
	EndGlobalSection
EndGlobal
